PODS:
  - AFNetworking (3.1.0):
    - AFNetworking/NSURLSession (= 3.1.0)
    - AFNetworking/Reachability (= 3.1.0)
    - AFNetworking/Security (= 3.1.0)
    - AFNetworking/Serialization (= 3.1.0)
    - AFNetworking/UIKit (= 3.1.0)
  - AFNetworking/NSURLSession (3.1.0):
    - AFNetworking/Reachability
    - AFNetworking/Security
    - AFNetworking/Serialization
  - AFNetworking/Reachability (3.1.0)
  - AFNetworking/Security (3.1.0)
  - AFNetworking/Serialization (3.1.0)
  - AFNetworking/UIKit (3.1.0):
    - AFNetworking/NSURLSession
  - AppAuth (1.3.0):
    - AppAuth/Core (= 1.3.0)
    - AppAuth/ExternalUserAgent (= 1.3.0)
  - AppAuth/Core (1.3.0)
  - AppAuth/ExternalUserAgent (1.3.0)
  - ASValueTrackingSlider (0.12.1)
  - FBSDKCoreKit (6.5.2):
    - FBSDKCoreKit/Basics (= 6.5.2)
    - FBSDKCoreKit/Core (= 6.5.2)
  - FBSDKCoreKit/Basics (6.5.2)
  - FBSDKCoreKit/Core (6.5.2):
    - FBSDKCoreKit/Basics
  - FBSDKLoginKit (6.5.2):
    - FBSDKLoginKit/Login (= 6.5.2)
  - FBSDKLoginKit/Login (6.5.2):
    - FBSDKCoreKit (~> 6.5.2)
  - FBSDKShareKit (6.5.2):
    - FBSDKShareKit/Share (= 6.5.2)
  - FBSDKShareKit/Share (6.5.2):
    - FBSDKCoreKit (~> 6.5.2)
  - FHSTwitterEngine (2.0.6)
  - GoogleSignIn (5.0.2):
    - AppAuth (~> 1.2)
    - GTMAppAuth (~> 1.0)
    - GTMSessionFetcher/Core (~> 1.1)
  - GTMAppAuth (1.0.0):
    - AppAuth/Core (~> 1.0)
    - GTMSessionFetcher (~> 1.1)
  - GTMSessionFetcher (1.4.0):
    - GTMSessionFetcher/Full (= 1.4.0)
  - GTMSessionFetcher/Core (1.4.0)
  - GTMSessionFetcher/Full (1.4.0):
    - GTMSessionFetcher/Core (= 1.4.0)
  - IOSLinkedInAPIFix (2.0.4):
    - AFNetworking (>= 2.0.0)
  - LinkedinSwift (1.7.9):
    - AFNetworking (>= 3.1.0)
    - IOSLinkedInAPIFix (>= 2.0.4)
  - Reachability (3.2)
  - RGSColorSlider (0.1.1)
  - SVProgressHUD (2.2.5)
  - TPKeyboardAvoiding (1.3.3)

DEPENDENCIES:
  - AFNetworking (= 3.1.0)
  - ASValueTrackingSlider
  - FBSDKCoreKit
  - FBSDKLoginKit
  - FBSDKShareKit
  - FHSTwitterEngine
  - GoogleSignIn
  - LinkedinSwift
  - Reachability
  - RGSColorSlider
  - SVProgressHUD
  - TPKeyboardAvoiding

SPEC REPOS:
  trunk:
    - AFNetworking
    - AppAuth
    - ASValueTrackingSlider
    - FBSDKCoreKit
    - FBSDKLoginKit
    - FBSDKShareKit
    - FHSTwitterEngine
    - GoogleSignIn
    - GTMAppAuth
    - GTMSessionFetcher
    - IOSLinkedInAPIFix
    - LinkedinSwift
    - Reachability
    - RGSColorSlider
    - SVProgressHUD
    - TPKeyboardAvoiding

SPEC CHECKSUMS:
  AFNetworking: 5e0e199f73d8626b11e79750991f5d173d1f8b67
  AppAuth: 73574f3013a1e65b9601a3ddc8b3158cce68c09d
  ASValueTrackingSlider: 5261de3fcf00adb339efc93885e8f0bc99e703cd
  FBSDKCoreKit: ada5c8a05188daefc9addb985c52b8a1b26da519
  FBSDKLoginKit: caa165495afa29a12324cb2307fe6e5b33783142
  FBSDKShareKit: d0538e2385480d8b2901468c80abcf22aeaf2abd
  FHSTwitterEngine: ace2a7f57e4e0c0e4045e786d2f5a8c6bc1b8cf0
  GoogleSignIn: 7137d297ddc022a7e0aa4619c86d72c909fa7213
  GTMAppAuth: 4deac854479704f348309e7b66189e604cf5e01e
  GTMSessionFetcher: 6f5c8abbab8a9bce4bb3f057e317728ec6182b10
  IOSLinkedInAPIFix: a520fd805a03dade35f42904c7d89ded2a84c752
  LinkedinSwift: f92083bf0404938768cc2cfd8c277205b566236f
  Reachability: 33e18b67625424e47b6cde6d202dce689ad7af96
  RGSColorSlider: b045e5a4bd9f6fe568184e1ad35dee1f0cdf948f
  SVProgressHUD: 1428aafac632c1f86f62aa4243ec12008d7a51d6
  TPKeyboardAvoiding: 6dd3fe3268b8f2627beb7ff3d82a3cacbdf66a36

PODFILE CHECKSUM: 75a12a2e77214e7796c54362066d9b790dfd799f

COCOAPODS: 1.8.4
